
Microsoft Visual Studio Solution File, Format Version 12.00
# Visual Studio 15
VisualStudioVersion = 15.0.27703.2035
MinimumVisualStudioVersion = 10.0.40219.1
Project("{8BC9CEB8-8B4A-11D0-8D11-00A0C91BC942}") = "vhdl_img_conv", "vhdl_img_conv\vhdl_img_conv.vcxproj", "{FD34917F-D982-4487-9158-49F9518671BD}"
EndProject
Global
	GlobalSection(SolutionConfigurationPlatforms) = preSolution
		Debug|x64 = Debug|x64
		Debug|x86 = Debug|x86
		Release|x64 = Release|x64
		Release|x86 = Release|x86
	EndGlobalSection
	GlobalSection(ProjectConfigurationPlatforms) = postSolution
		{FD34917F-D982-4487-9158-49F9518671BD}.Debug|x64.ActiveCfg = Debug|x64
		{FD34917F-D982-4487-9158-49F9518671BD}.Debug|x64.Build.0 = Debug|x64
		{FD34917F-D982-4487-9158-49F9518671BD}.Debug|x86.ActiveCfg = Debug|Win32
		{FD34917F-D982-4487-9158-49F9518671BD}.Debug|x86.Build.0 = Debug|Win32
		{FD34917F-D982-4487-9158-49F9518671BD}.Release|x64.ActiveCfg = Release|x64
		{FD34917F-D982-4487-9158-49F9518671BD}.Release|x64.Build.0 = Release|x64
		{FD34917F-D982-4487-9158-49F9518671BD}.Release|x86.ActiveCfg = Release|Win32
		{FD34917F-D982-4487-9158-49F9518671BD}.Release|x86.Build.0 = Release|Win32
	EndGlobalSection
	GlobalSection(SolutionProperties) = preSolution
		HideSolutionNode = FALSE
	EndGlobalSection
	GlobalSection(ExtensibilityGlobals) = postSolution
		SolutionGuid = {23B095E2-F313-4B6F-98B9-260BA8621919}
	EndGlobalSection
EndGlobal
